
Microsoft Visual Studio Solution File, Format Version 12.00
# Visual Studio Version 17
VisualStudioVersion = 17.2.32630.192
MinimumVisualStudioVersion = 10.0.40219.1
Project("{FAE04EC0-301F-11D3-BF4B-00C04F79EFBC}") = "Core", "Core\Core.csproj", "{C9D9744E-6ABC-49C2-AC3A-BF7931515446}"
EndProject
Global
	GlobalSection(SolutionConfigurationPlatforms) = preSolution
		Debug|Any CPU = Debug|Any CPU
		Release|Any CPU = Release|Any CPU
	EndGlobalSection
	GlobalSection(ProjectConfigurationPlatforms) = postSolution
		{C9D9744E-6ABC-49C2-AC3A-BF7931515446}.Debug|Any CPU.ActiveCfg = Debug|Any CPU
		{C9D9744E-6ABC-49C2-AC3A-BF7931515446}.Debug|Any CPU.Build.0 = Debug|Any CPU
		{C9D9744E-6ABC-49C2-AC3A-BF7931515446}.Release|Any CPU.ActiveCfg = Release|Any CPU
		{C9D9744E-6ABC-49C2-AC3A-BF7931515446}.Release|Any CPU.Build.0 = Release|Any CPU
	EndGlobalSection
	GlobalSection(SolutionProperties) = preSolution
		HideSolutionNode = FALSE
	EndGlobalSection
	GlobalSection(ExtensibilityGlobals) = postSolution
		SolutionGuid = {85BD52C5-9D84-455B-9E1F-3B08B254AC44}
	EndGlobalSection
EndGlobal
